
Microsoft Visual Studio Solution File, Format Version 12.00
# Visual Studio Version 16
VisualStudioVersion = 16.0.30011.22
MinimumVisualStudioVersion = 10.0.40219.1
Project("{8BC9CEB8-8B4A-11D0-8D11-00A0C91BC942}") = "matrix_sum", "matrix_sum\matrix_sum.vcxproj", "{819A225F-B5F3-4426-9003-BAC7FB337441}"
EndProject
Project("{8BC9CEB8-8B4A-11D0-8D11-00A0C91BC942}") = "lesson_1", "lesson_1\lesson_1.vcxproj", "{94A8A488-3530-43B4-8AC9-8A09C8AF99A4}"
EndProject
Project("{8BC9CEB8-8B4A-11D0-8D11-00A0C91BC942}") = "cortages", "cortages\cortages.vcxproj", "{833EE2B1-79BD-4ACC-BFA3-017FEDB88BC8}"
EndProject
Project("{8BC9CEB8-8B4A-11D0-8D11-00A0C91BC942}") = "temperatures_2", "temperatures_2\temperatures_2.vcxproj", "{5963BC01-6DCF-4C66-A159-6B64DD28BF3D}"
EndProject
Project("{8BC9CEB8-8B4A-11D0-8D11-00A0C91BC942}") = "cities", "cities\cities.vcxproj", "{A77C211F-3C51-46F4-ABAE-D5A2BCC15615}"
EndProject
Project("{8BC9CEB8-8B4A-11D0-8D11-00A0C91BC942}") = "functions_tamplates", "functions_tamplates\functions_tamplates.vcxproj", "{62F6B635-997F-4A88-8565-43CD960B4491}"
EndProject
Project("{8BC9CEB8-8B4A-11D0-8D11-00A0C91BC942}") = "ostream_functions", "ostream_functions\ostream_functions.vcxproj", "{32038DDC-A70C-477A-8CBD-D5B5EFB30FAA}"
EndProject
Project("{8BC9CEB8-8B4A-11D0-8D11-00A0C91BC942}") = "unit_tests", "unit_tests\unit_tests.vcxproj", "{6E5F4071-F4F1-423D-9A62-718BFB3B5C5D}"
EndProject
Project("{8BC9CEB8-8B4A-11D0-8D11-00A0C91BC942}") = "synonyms", "synonyms\synonyms.vcxproj", "{643366C5-31A1-429D-A0C7-6C3F8E0C262F}"
EndProject
Global
	GlobalSection(SolutionConfigurationPlatforms) = preSolution
		Debug|x64 = Debug|x64
		Debug|x86 = Debug|x86
		Release|x64 = Release|x64
		Release|x86 = Release|x86
	EndGlobalSection
	GlobalSection(ProjectConfigurationPlatforms) = postSolution
		{819A225F-B5F3-4426-9003-BAC7FB337441}.Debug|x64.ActiveCfg = Debug|x64
		{819A225F-B5F3-4426-9003-BAC7FB337441}.Debug|x64.Build.0 = Debug|x64
		{819A225F-B5F3-4426-9003-BAC7FB337441}.Debug|x86.ActiveCfg = Debug|Win32
		{819A225F-B5F3-4426-9003-BAC7FB337441}.Debug|x86.Build.0 = Debug|Win32
		{819A225F-B5F3-4426-9003-BAC7FB337441}.Release|x64.ActiveCfg = Release|x64
		{819A225F-B5F3-4426-9003-BAC7FB337441}.Release|x64.Build.0 = Release|x64
		{819A225F-B5F3-4426-9003-BAC7FB337441}.Release|x86.ActiveCfg = Release|Win32
		{819A225F-B5F3-4426-9003-BAC7FB337441}.Release|x86.Build.0 = Release|Win32
		{94A8A488-3530-43B4-8AC9-8A09C8AF99A4}.Debug|x64.ActiveCfg = Debug|x64
		{94A8A488-3530-43B4-8AC9-8A09C8AF99A4}.Debug|x64.Build.0 = Debug|x64
		{94A8A488-3530-43B4-8AC9-8A09C8AF99A4}.Debug|x86.ActiveCfg = Debug|Win32
		{94A8A488-3530-43B4-8AC9-8A09C8AF99A4}.Debug|x86.Build.0 = Debug|Win32
		{94A8A488-3530-43B4-8AC9-8A09C8AF99A4}.Release|x64.ActiveCfg = Release|x64
		{94A8A488-3530-43B4-8AC9-8A09C8AF99A4}.Release|x64.Build.0 = Release|x64
		{94A8A488-3530-43B4-8AC9-8A09C8AF99A4}.Release|x86.ActiveCfg = Release|Win32
		{94A8A488-3530-43B4-8AC9-8A09C8AF99A4}.Release|x86.Build.0 = Release|Win32
		{833EE2B1-79BD-4ACC-BFA3-017FEDB88BC8}.Debug|x64.ActiveCfg = Debug|x64
		{833EE2B1-79BD-4ACC-BFA3-017FEDB88BC8}.Debug|x64.Build.0 = Debug|x64
		{833EE2B1-79BD-4ACC-BFA3-017FEDB88BC8}.Debug|x86.ActiveCfg = Debug|Win32
		{833EE2B1-79BD-4ACC-BFA3-017FEDB88BC8}.Debug|x86.Build.0 = Debug|Win32
		{833EE2B1-79BD-4ACC-BFA3-017FEDB88BC8}.Release|x64.ActiveCfg = Release|x64
		{833EE2B1-79BD-4ACC-BFA3-017FEDB88BC8}.Release|x64.Build.0 = Release|x64
		{833EE2B1-79BD-4ACC-BFA3-017FEDB88BC8}.Release|x86.ActiveCfg = Release|Win32
		{833EE2B1-79BD-4ACC-BFA3-017FEDB88BC8}.Release|x86.Build.0 = Release|Win32
		{5963BC01-6DCF-4C66-A159-6B64DD28BF3D}.Debug|x64.ActiveCfg = Debug|x64
		{5963BC01-6DCF-4C66-A159-6B64DD28BF3D}.Debug|x64.Build.0 = Debug|x64
		{5963BC01-6DCF-4C66-A159-6B64DD28BF3D}.Debug|x86.ActiveCfg = Debug|Win32
		{5963BC01-6DCF-4C66-A159-6B64DD28BF3D}.Debug|x86.Build.0 = Debug|Win32
		{5963BC01-6DCF-4C66-A159-6B64DD28BF3D}.Release|x64.ActiveCfg = Release|x64
		{5963BC01-6DCF-4C66-A159-6B64DD28BF3D}.Release|x64.Build.0 = Release|x64
		{5963BC01-6DCF-4C66-A159-6B64DD28BF3D}.Release|x86.ActiveCfg = Release|Win32
		{5963BC01-6DCF-4C66-A159-6B64DD28BF3D}.Release|x86.Build.0 = Release|Win32
		{A77C211F-3C51-46F4-ABAE-D5A2BCC15615}.Debug|x64.ActiveCfg = Debug|x64
		{A77C211F-3C51-46F4-ABAE-D5A2BCC15615}.Debug|x64.Build.0 = Debug|x64
		{A77C211F-3C51-46F4-ABAE-D5A2BCC15615}.Debug|x86.ActiveCfg = Debug|Win32
		{A77C211F-3C51-46F4-ABAE-D5A2BCC15615}.Debug|x86.Build.0 = Debug|Win32
		{A77C211F-3C51-46F4-ABAE-D5A2BCC15615}.Release|x64.ActiveCfg = Release|x64
		{A77C211F-3C51-46F4-ABAE-D5A2BCC15615}.Release|x64.Build.0 = Release|x64
		{A77C211F-3C51-46F4-ABAE-D5A2BCC15615}.Release|x86.ActiveCfg = Release|Win32
		{A77C211F-3C51-46F4-ABAE-D5A2BCC15615}.Release|x86.Build.0 = Release|Win32
		{62F6B635-997F-4A88-8565-43CD960B4491}.Debug|x64.ActiveCfg = Debug|x64
		{62F6B635-997F-4A88-8565-43CD960B4491}.Debug|x64.Build.0 = Debug|x64
		{62F6B635-997F-4A88-8565-43CD960B4491}.Debug|x86.ActiveCfg = Debug|Win32
		{62F6B635-997F-4A88-8565-43CD960B4491}.Debug|x86.Build.0 = Debug|Win32
		{62F6B635-997F-4A88-8565-43CD960B4491}.Release|x64.ActiveCfg = Release|x64
		{62F6B635-997F-4A88-8565-43CD960B4491}.Release|x64.Build.0 = Release|x64
		{62F6B635-997F-4A88-8565-43CD960B4491}.Release|x86.ActiveCfg = Release|Win32
		{62F6B635-997F-4A88-8565-43CD960B4491}.Release|x86.Build.0 = Release|Win32
		{32038DDC-A70C-477A-8CBD-D5B5EFB30FAA}.Debug|x64.ActiveCfg = Debug|x64
		{32038DDC-A70C-477A-8CBD-D5B5EFB30FAA}.Debug|x64.Build.0 = Debug|x64
		{32038DDC-A70C-477A-8CBD-D5B5EFB30FAA}.Debug|x86.ActiveCfg = Debug|Win32
		{32038DDC-A70C-477A-8CBD-D5B5EFB30FAA}.Debug|x86.Build.0 = Debug|Win32
		{32038DDC-A70C-477A-8CBD-D5B5EFB30FAA}.Release|x64.ActiveCfg = Release|x64
		{32038DDC-A70C-477A-8CBD-D5B5EFB30FAA}.Release|x64.Build.0 = Release|x64
		{32038DDC-A70C-477A-8CBD-D5B5EFB30FAA}.Release|x86.ActiveCfg = Release|Win32
		{32038DDC-A70C-477A-8CBD-D5B5EFB30FAA}.Release|x86.Build.0 = Release|Win32
		{6E5F4071-F4F1-423D-9A62-718BFB3B5C5D}.Debug|x64.ActiveCfg = Debug|x64
		{6E5F4071-F4F1-423D-9A62-718BFB3B5C5D}.Debug|x64.Build.0 = Debug|x64
		{6E5F4071-F4F1-423D-9A62-718BFB3B5C5D}.Debug|x86.ActiveCfg = Debug|Win32
		{6E5F4071-F4F1-423D-9A62-718BFB3B5C5D}.Debug|x86.Build.0 = Debug|Win32
		{6E5F4071-F4F1-423D-9A62-718BFB3B5C5D}.Release|x64.ActiveCfg = Release|x64
		{6E5F4071-F4F1-423D-9A62-718BFB3B5C5D}.Release|x64.Build.0 = Release|x64
		{6E5F4071-F4F1-423D-9A62-718BFB3B5C5D}.Release|x86.ActiveCfg = Release|Win32
		{6E5F4071-F4F1-423D-9A62-718BFB3B5C5D}.Release|x86.Build.0 = Release|Win32
		{643366C5-31A1-429D-A0C7-6C3F8E0C262F}.Debug|x64.ActiveCfg = Debug|x64
		{643366C5-31A1-429D-A0C7-6C3F8E0C262F}.Debug|x64.Build.0 = Debug|x64
		{643366C5-31A1-429D-A0C7-6C3F8E0C262F}.Debug|x86.ActiveCfg = Debug|Win32
		{643366C5-31A1-429D-A0C7-6C3F8E0C262F}.Debug|x86.Build.0 = Debug|Win32
		{643366C5-31A1-429D-A0C7-6C3F8E0C262F}.Release|x64.ActiveCfg = Release|x64
		{643366C5-31A1-429D-A0C7-6C3F8E0C262F}.Release|x64.Build.0 = Release|x64
		{643366C5-31A1-429D-A0C7-6C3F8E0C262F}.Release|x86.ActiveCfg = Release|Win32
		{643366C5-31A1-429D-A0C7-6C3F8E0C262F}.Release|x86.Build.0 = Release|Win32
	EndGlobalSection
	GlobalSection(SolutionProperties) = preSolution
		HideSolutionNode = FALSE
	EndGlobalSection
	GlobalSection(ExtensibilityGlobals) = postSolution
		SolutionGuid = {FD82CB20-BC8D-4DC1-BC8C-1930DCB3C80B}
	EndGlobalSection
EndGlobal
